// !$*UTF8*$!
{
	archiveVersion = 1;
	classes = {
	};
	objectVersion = 46;
	objects = {

/* Begin PBXBuildFile section */
		AB5506731B3C30FF00E8E6B7 /* main.m in Sources */ = {isa = PBXBuildFile; fileRef = AB5506721B3C30FF00E8E6B7 /* main.m */; };
		AB5506761B3C30FF00E8E6B7 /* AppDelegate.m in Sources */ = {isa = PBXBuildFile; fileRef = AB5506751B3C30FF00E8E6B7 /* AppDelegate.m */; };
		AB5506791B3C30FF00E8E6B7 /* ELMainViewController.m in Sources */ = {isa = PBXBuildFile; fileRef = AB5506781B3C30FF00E8E6B7 /* ELMainViewController.m */; };
		AB55067C1B3C30FF00E8E6B7 /* Main.storyboard in Resources */ = {isa = PBXBuildFile; fileRef = AB55067A1B3C30FF00E8E6B7 /* Main.storyboard */; };
		AB55067E1B3C30FF00E8E6B7 /* Images.xcassets in Resources */ = {isa = PBXBuildFile; fileRef = AB55067D1B3C30FF00E8E6B7 /* Images.xcassets */; };
		AB5506811B3C30FF00E8E6B7 /* LaunchScreen.xib in Resources */ = {isa = PBXBuildFile; fileRef = AB55067F1B3C30FF00E8E6B7 /* LaunchScreen.xib */; };
		AB55068D1B3C30FF00E8E6B7 /* EmptyLegsTests.m in Sources */ = {isa = PBXBuildFile; fileRef = AB55068C1B3C30FF00E8E6B7 /* EmptyLegsTests.m */; };
		AB5506981B3C334500E8E6B7 /* ELCargoViewController.m in Sources */ = {isa = PBXBuildFile; fileRef = AB5506971B3C334500E8E6B7 /* ELCargoViewController.m */; };
		AB5506A11B3C3F6400E8E6B7 /* SourceCodePro-Black.ttf in Resources */ = {isa = PBXBuildFile; fileRef = AB55069A1B3C3F6400E8E6B7 /* SourceCodePro-Black.ttf */; };
		AB5506A21B3C3F6400E8E6B7 /* SourceCodePro-Bold.ttf in Resources */ = {isa = PBXBuildFile; fileRef = AB55069B1B3C3F6400E8E6B7 /* SourceCodePro-Bold.ttf */; };
		AB5506A31B3C3F6400E8E6B7 /* SourceCodePro-ExtraLight.ttf in Resources */ = {isa = PBXBuildFile; fileRef = AB55069C1B3C3F6400E8E6B7 /* SourceCodePro-ExtraLight.ttf */; };
		AB5506A41B3C3F6400E8E6B7 /* SourceCodePro-Light.ttf in Resources */ = {isa = PBXBuildFile; fileRef = AB55069D1B3C3F6400E8E6B7 /* SourceCodePro-Light.ttf */; };
		AB5506A51B3C3F6400E8E6B7 /* SourceCodePro-Medium.ttf in Resources */ = {isa = PBXBuildFile; fileRef = AB55069E1B3C3F6400E8E6B7 /* SourceCodePro-Medium.ttf */; };
		AB5506A61B3C3F6400E8E6B7 /* SourceCodePro-Regular.ttf in Resources */ = {isa = PBXBuildFile; fileRef = AB55069F1B3C3F6400E8E6B7 /* SourceCodePro-Regular.ttf */; };
		AB5506A71B3C3F6400E8E6B7 /* SourceCodePro-Semibold.ttf in Resources */ = {isa = PBXBuildFile; fileRef = AB5506A01B3C3F6400E8E6B7 /* SourceCodePro-Semibold.ttf */; };
		AB5506AA1B3C4BB300E8E6B7 /* ELCargoTableViewCell.m in Sources */ = {isa = PBXBuildFile; fileRef = AB5506A91B3C4BB300E8E6B7 /* ELCargoTableViewCell.m */; };
		AB5506AE1B3C594B00E8E6B7 /* empty_leg_cross.png in Resources */ = {isa = PBXBuildFile; fileRef = AB5506AC1B3C594B00E8E6B7 /* empty_leg_cross.png */; };
		AB5506AF1B3C594B00E8E6B7 /* empty_leg_plus.png in Resources */ = {isa = PBXBuildFile; fileRef = AB5506AD1B3C594B00E8E6B7 /* empty_leg_plus.png */; };
		AB5506B81B3C5B4800E8E6B7 /* Bolts.framework in Frameworks */ = {isa = PBXBuildFile; fileRef = AB5506B21B3C5B4800E8E6B7 /* Bolts.framework */; };
		AB5506B91B3C5B4800E8E6B7 /* Parse.framework in Frameworks */ = {isa = PBXBuildFile; fileRef = AB5506B31B3C5B4800E8E6B7 /* Parse.framework */; };
		AB5506BA1B3C5B4800E8E6B7 /* ParseCrashReporting.framework in Frameworks */ = {isa = PBXBuildFile; fileRef = AB5506B41B3C5B4800E8E6B7 /* ParseCrashReporting.framework */; };
		AB5506BB1B3C5B4800E8E6B7 /* ParseFacebookUtils.framework in Frameworks */ = {isa = PBXBuildFile; fileRef = AB5506B51B3C5B4800E8E6B7 /* ParseFacebookUtils.framework */; };
		AB5506BC1B3C5B4800E8E6B7 /* ParseFacebookUtilsV4.framework in Frameworks */ = {isa = PBXBuildFile; fileRef = AB5506B61B3C5B4800E8E6B7 /* ParseFacebookUtilsV4.framework */; };
		AB5506BD1B3C5B4800E8E6B7 /* ParseUI.framework in Frameworks */ = {isa = PBXBuildFile; fileRef = AB5506B71B3C5B4800E8E6B7 /* ParseUI.framework */; };
		AB5506BF1B3C5BFB00E8E6B7 /* AudioToolbox.framework in Frameworks */ = {isa = PBXBuildFile; fileRef = AB5506BE1B3C5BFB00E8E6B7 /* AudioToolbox.framework */; };
		AB5506C11B3C5C0800E8E6B7 /* CFNetwork.framework in Frameworks */ = {isa = PBXBuildFile; fileRef = AB5506C01B3C5C0800E8E6B7 /* CFNetwork.framework */; };
		AB5506C31B3C5C1700E8E6B7 /* libsqlite3.0.dylib in Frameworks */ = {isa = PBXBuildFile; fileRef = AB5506C21B3C5C1700E8E6B7 /* libsqlite3.0.dylib */; };
		AB5506C51B3C5C3A00E8E6B7 /* MobileCoreServices.framework in Frameworks */ = {isa = PBXBuildFile; fileRef = AB5506C41B3C5C3A00E8E6B7 /* MobileCoreServices.framework */; };
		AB5506C71B3C5C4400E8E6B7 /* SystemConfiguration.framework in Frameworks */ = {isa = PBXBuildFile; fileRef = AB5506C61B3C5C4400E8E6B7 /* SystemConfiguration.framework */; };
		AB5506CA1B3C5FE500E8E6B7 /* ELCreationTableViewCell.m in Sources */ = {isa = PBXBuildFile; fileRef = AB5506C91B3C5FE500E8E6B7 /* ELCreationTableViewCell.m */; };
		AB5506D21B3C716D00E8E6B7 /* SVIndefiniteAnimatedView.m in Sources */ = {isa = PBXBuildFile; fileRef = AB5506CD1B3C716D00E8E6B7 /* SVIndefiniteAnimatedView.m */; };
		AB5506D31B3C716D00E8E6B7 /* SVProgressHUD.bundle in Resources */ = {isa = PBXBuildFile; fileRef = AB5506CF1B3C716D00E8E6B7 /* SVProgressHUD.bundle */; };
		AB5506D41B3C716D00E8E6B7 /* SVProgressHUD.m in Sources */ = {isa = PBXBuildFile; fileRef = AB5506D11B3C716D00E8E6B7 /* SVProgressHUD.m */; };
		AB5506DB1B3C821900E8E6B7 /* empty_leg_logo_03a.png in Resources */ = {isa = PBXBuildFile; fileRef = AB5506D51B3C821900E8E6B7 /* empty_leg_logo_03a.png */; };
		AB5506DC1B3C821900E8E6B7 /* empty_leg_logo_03b.png in Resources */ = {isa = PBXBuildFile; fileRef = AB5506D61B3C821900E8E6B7 /* empty_leg_logo_03b.png */; };
		AB5506DD1B3C821900E8E6B7 /* empty_leg_logo_03c.png in Resources */ = {isa = PBXBuildFile; fileRef = AB5506D71B3C821900E8E6B7 /* empty_leg_logo_03c.png */; };
		AB5506DE1B3C821900E8E6B7 /* empty_leg_logo_03d.png in Resources */ = {isa = PBXBuildFile; fileRef = AB5506D81B3C821900E8E6B7 /* empty_leg_logo_03d.png */; };
		AB5506DF1B3C821900E8E6B7 /* empty_leg_logo_03e.png in Resources */ = {isa = PBXBuildFile; fileRef = AB5506D91B3C821900E8E6B7 /* empty_leg_logo_03e.png */; };
		AB5506E01B3C821900E8E6B7 /* empty_leg_logo_03f.png in Resources */ = {isa = PBXBuildFile; fileRef = AB5506DA1B3C821900E8E6B7 /* empty_leg_logo_03f.png */; };
		AB5506E41B3C863700E8E6B7 /* ELDataController.m in Sources */ = {isa = PBXBuildFile; fileRef = AB5506E31B3C863700E8E6B7 /* ELDataController.m */; };
/* End PBXBuildFile section */

/* Begin PBXContainerItemProxy section */
		AB5506871B3C30FF00E8E6B7 /* PBXContainerItemProxy */ = {
			isa = PBXContainerItemProxy;
			containerPortal = AB5506651B3C30FF00E8E6B7 /* Project object */;
			proxyType = 1;
			remoteGlobalIDString = AB55066C1B3C30FF00E8E6B7;
			remoteInfo = EmptyLegs;
		};
/* End PBXContainerItemProxy section */

/* Begin PBXFileReference section */
		AB55066D1B3C30FF00E8E6B7 /* EmptyLegs.app */ = {isa = PBXFileReference; explicitFileType = wrapper.application; includeInIndex = 0; path = EmptyLegs.app; sourceTree = BUILT_PRODUCTS_DIR; };
		AB5506711B3C30FF00E8E6B7 /* Info.plist */ = {isa = PBXFileReference; lastKnownFileType = text.plist.xml; path = Info.plist; sourceTree = "<group>"; };
		AB5506721B3C30FF00E8E6B7 /* main.m */ = {isa = PBXFileReference; lastKnownFileType = sourcecode.c.objc; path = main.m; sourceTree = "<group>"; };
		AB5506741B3C30FF00E8E6B7 /* AppDelegate.h */ = {isa = PBXFileReference; lastKnownFileType = sourcecode.c.h; path = AppDelegate.h; sourceTree = "<group>"; };
		AB5506751B3C30FF00E8E6B7 /* AppDelegate.m */ = {isa = PBXFileReference; lastKnownFileType = sourcecode.c.objc; path = AppDelegate.m; sourceTree = "<group>"; };
		AB5506771B3C30FF00E8E6B7 /* ELMainViewController.h */ = {isa = PBXFileReference; lastKnownFileType = sourcecode.c.h; path = ELMainViewController.h; sourceTree = "<group>"; };
		AB5506781B3C30FF00E8E6B7 /* ELMainViewController.m */ = {isa = PBXFileReference; lastKnownFileType = sourcecode.c.objc; path = ELMainViewController.m; sourceTree = "<group>"; };
		AB55067B1B3C30FF00E8E6B7 /* Base */ = {isa = PBXFileReference; lastKnownFileType = file.storyboard; name = Base; path = Base.lproj/Main.storyboard; sourceTree = "<group>"; };
		AB55067D1B3C30FF00E8E6B7 /* Images.xcassets */ = {isa = PBXFileReference; lastKnownFileType = folder.assetcatalog; path = Images.xcassets; sourceTree = "<group>"; };
		AB5506801B3C30FF00E8E6B7 /* Base */ = {isa = PBXFileReference; lastKnownFileType = file.xib; name = Base; path = Base.lproj/LaunchScreen.xib; sourceTree = "<group>"; };
		AB5506861B3C30FF00E8E6B7 /* EmptyLegsTests.xctest */ = {isa = PBXFileReference; explicitFileType = wrapper.cfbundle; includeInIndex = 0; path = EmptyLegsTests.xctest; sourceTree = BUILT_PRODUCTS_DIR; };
		AB55068B1B3C30FF00E8E6B7 /* Info.plist */ = {isa = PBXFileReference; lastKnownFileType = text.plist.xml; path = Info.plist; sourceTree = "<group>"; };
		AB55068C1B3C30FF00E8E6B7 /* EmptyLegsTests.m */ = {isa = PBXFileReference; lastKnownFileType = sourcecode.c.objc; path = EmptyLegsTests.m; sourceTree = "<group>"; };
		AB5506961B3C334500E8E6B7 /* ELCargoViewController.h */ = {isa = PBXFileReference; fileEncoding = 4; lastKnownFileType = sourcecode.c.h; path = ELCargoViewController.h; sourceTree = "<group>"; };
		AB5506971B3C334500E8E6B7 /* ELCargoViewController.m */ = {isa = PBXFileReference; fileEncoding = 4; lastKnownFileType = sourcecode.c.objc; path = ELCargoViewController.m; sourceTree = "<group>"; };
		AB55069A1B3C3F6400E8E6B7 /* SourceCodePro-Black.ttf */ = {isa = PBXFileReference; lastKnownFileType = file; path = "SourceCodePro-Black.ttf"; sourceTree = "<group>"; };
		AB55069B1B3C3F6400E8E6B7 /* SourceCodePro-Bold.ttf */ = {isa = PBXFileReference; lastKnownFileType = file; path = "SourceCodePro-Bold.ttf"; sourceTree = "<group>"; };
		AB55069C1B3C3F6400E8E6B7 /* SourceCodePro-ExtraLight.ttf */ = {isa = PBXFileReference; lastKnownFileType = file; path = "SourceCodePro-ExtraLight.ttf"; sourceTree = "<group>"; };
		AB55069D1B3C3F6400E8E6B7 /* SourceCodePro-Light.ttf */ = {isa = PBXFileReference; lastKnownFileType = file; path = "SourceCodePro-Light.ttf"; sourceTree = "<group>"; };
		AB55069E1B3C3F6400E8E6B7 /* SourceCodePro-Medium.ttf */ = {isa = PBXFileReference; lastKnownFileType = file; path = "SourceCodePro-Medium.ttf"; sourceTree = "<group>"; };
		AB55069F1B3C3F6400E8E6B7 /* SourceCodePro-Regular.ttf */ = {isa = PBXFileReference; lastKnownFileType = file; path = "SourceCodePro-Regular.ttf"; sourceTree = "<group>"; };
		AB5506A01B3C3F6400E8E6B7 /* SourceCodePro-Semibold.ttf */ = {isa = PBXFileReference; lastKnownFileType = file; path = "SourceCodePro-Semibold.ttf"; sourceTree = "<group>"; };
		AB5506A81B3C4BB300E8E6B7 /* ELCargoTableViewCell.h */ = {isa = PBXFileReference; fileEncoding = 4; lastKnownFileType = sourcecode.c.h; path = ELCargoTableViewCell.h; sourceTree = "<group>"; };
		AB5506A91B3C4BB300E8E6B7 /* ELCargoTableViewCell.m */ = {isa = PBXFileReference; fileEncoding = 4; lastKnownFileType = sourcecode.c.objc; path = ELCargoTableViewCell.m; sourceTree = "<group>"; };
		AB5506AB1B3C51AF00E8E6B7 /* PrefixHeader.pch */ = {isa = PBXFileReference; fileEncoding = 4; lastKnownFileType = sourcecode.c.h; path = PrefixHeader.pch; sourceTree = "<group>"; };
		AB5506AC1B3C594B00E8E6B7 /* empty_leg_cross.png */ = {isa = PBXFileReference; lastKnownFileType = image.png; path = empty_leg_cross.png; sourceTree = "<group>"; };
		AB5506AD1B3C594B00E8E6B7 /* empty_leg_plus.png */ = {isa = PBXFileReference; lastKnownFileType = image.png; path = empty_leg_plus.png; sourceTree = "<group>"; };
		AB5506B21B3C5B4800E8E6B7 /* Bolts.framework */ = {isa = PBXFileReference; lastKnownFileType = wrapper.framework; path = Bolts.framework; sourceTree = "<group>"; };
		AB5506B31B3C5B4800E8E6B7 /* Parse.framework */ = {isa = PBXFileReference; lastKnownFileType = wrapper.framework; path = Parse.framework; sourceTree = "<group>"; };
		AB5506B41B3C5B4800E8E6B7 /* ParseCrashReporting.framework */ = {isa = PBXFileReference; lastKnownFileType = wrapper.framework; path = ParseCrashReporting.framework; sourceTree = "<group>"; };
		AB5506B51B3C5B4800E8E6B7 /* ParseFacebookUtils.framework */ = {isa = PBXFileReference; lastKnownFileType = wrapper.framework; path = ParseFacebookUtils.framework; sourceTree = "<group>"; };
		AB5506B61B3C5B4800E8E6B7 /* ParseFacebookUtilsV4.framework */ = {isa = PBXFileReference; lastKnownFileType = wrapper.framework; path = ParseFacebookUtilsV4.framework; sourceTree = "<group>"; };
		AB5506B71B3C5B4800E8E6B7 /* ParseUI.framework */ = {isa = PBXFileReference; lastKnownFileType = wrapper.framework; path = ParseUI.framework; sourceTree = "<group>"; };
		AB5506BE1B3C5BFB00E8E6B7 /* AudioToolbox.framework */ = {isa = PBXFileReference; lastKnownFileType = wrapper.framework; name = AudioToolbox.framework; path = System/Library/Frameworks/AudioToolbox.framework; sourceTree = SDKROOT; };
		AB5506C01B3C5C0800E8E6B7 /* CFNetwork.framework */ = {isa = PBXFileReference; lastKnownFileType = wrapper.framework; name = CFNetwork.framework; path = System/Library/Frameworks/CFNetwork.framework; sourceTree = SDKROOT; };
		AB5506C21B3C5C1700E8E6B7 /* libsqlite3.0.dylib */ = {isa = PBXFileReference; lastKnownFileType = "compiled.mach-o.dylib"; name = libsqlite3.0.dylib; path = usr/lib/libsqlite3.0.dylib; sourceTree = SDKROOT; };
		AB5506C41B3C5C3A00E8E6B7 /* MobileCoreServices.framework */ = {isa = PBXFileReference; lastKnownFileType = wrapper.framework; name = MobileCoreServices.framework; path = System/Library/Frameworks/MobileCoreServices.framework; sourceTree = SDKROOT; };
		AB5506C61B3C5C4400E8E6B7 /* SystemConfiguration.framework */ = {isa = PBXFileReference; lastKnownFileType = wrapper.framework; name = SystemConfiguration.framework; path = System/Library/Frameworks/SystemConfiguration.framework; sourceTree = SDKROOT; };
		AB5506C81B3C5FE500E8E6B7 /* ELCreationTableViewCell.h */ = {isa = PBXFileReference; fileEncoding = 4; lastKnownFileType = sourcecode.c.h; path = ELCreationTableViewCell.h; sourceTree = "<group>"; };
		AB5506C91B3C5FE500E8E6B7 /* ELCreationTableViewCell.m */ = {isa = PBXFileReference; fileEncoding = 4; lastKnownFileType = sourcecode.c.objc; path = ELCreationTableViewCell.m; sourceTree = "<group>"; };
		AB5506CC1B3C716D00E8E6B7 /* SVIndefiniteAnimatedView.h */ = {isa = PBXFileReference; fileEncoding = 4; lastKnownFileType = sourcecode.c.h; path = SVIndefiniteAnimatedView.h; sourceTree = "<group>"; };
		AB5506CD1B3C716D00E8E6B7 /* SVIndefiniteAnimatedView.m */ = {isa = PBXFileReference; fileEncoding = 4; lastKnownFileType = sourcecode.c.objc; path = SVIndefiniteAnimatedView.m; sourceTree = "<group>"; };
		AB5506CE1B3C716D00E8E6B7 /* SVProgressHUD-Prefix.pch */ = {isa = PBXFileReference; fileEncoding = 4; lastKnownFileType = sourcecode.c.h; path = "SVProgressHUD-Prefix.pch"; sourceTree = "<group>"; };
		AB5506CF1B3C716D00E8E6B7 /* SVProgressHUD.bundle */ = {isa = PBXFileReference; lastKnownFileType = "wrapper.plug-in"; path = SVProgressHUD.bundle; sourceTree = "<group>"; };
		AB5506D01B3C716D00E8E6B7 /* SVProgressHUD.h */ = {isa = PBXFileReference; fileEncoding = 4; lastKnownFileType = sourcecode.c.h; path = SVProgressHUD.h; sourceTree = "<group>"; };
		AB5506D11B3C716D00E8E6B7 /* SVProgressHUD.m */ = {isa = PBXFileReference; fileEncoding = 4; lastKnownFileType = sourcecode.c.objc; path = SVProgressHUD.m; sourceTree = "<group>"; };
		AB5506D51B3C821900E8E6B7 /* empty_leg_logo_03a.png */ = {isa = PBXFileReference; lastKnownFileType = image.png; path = empty_leg_logo_03a.png; sourceTree = "<group>"; };
		AB5506D61B3C821900E8E6B7 /* empty_leg_logo_03b.png */ = {isa = PBXFileReference; lastKnownFileType = image.png; path = empty_leg_logo_03b.png; sourceTree = "<group>"; };
		AB5506D71B3C821900E8E6B7 /* empty_leg_logo_03c.png */ = {isa = PBXFileReference; lastKnownFileType = image.png; path = empty_leg_logo_03c.png; sourceTree = "<group>"; };
		AB5506D81B3C821900E8E6B7 /* empty_leg_logo_03d.png */ = {isa = PBXFileReference; lastKnownFileType = image.png; path = empty_leg_logo_03d.png; sourceTree = "<group>"; };
		AB5506D91B3C821900E8E6B7 /* empty_leg_logo_03e.png */ = {isa = PBXFileReference; lastKnownFileType = image.png; path = empty_leg_logo_03e.png; sourceTree = "<group>"; };
		AB5506DA1B3C821900E8E6B7 /* empty_leg_logo_03f.png */ = {isa = PBXFileReference; lastKnownFileType = image.png; path = empty_leg_logo_03f.png; sourceTree = "<group>"; };
		AB5506E21B3C863700E8E6B7 /* ELDataController.h */ = {isa = PBXFileReference; fileEncoding = 4; lastKnownFileType = sourcecode.c.h; path = ELDataController.h; sourceTree = "<group>"; };
		AB5506E31B3C863700E8E6B7 /* ELDataController.m */ = {isa = PBXFileReference; fileEncoding = 4; lastKnownFileType = sourcecode.c.objc; path = ELDataController.m; sourceTree = "<group>"; };
/* End PBXFileReference section */

/* Begin PBXFrameworksBuildPhase section */
		AB55066A1B3C30FF00E8E6B7 /* Frameworks */ = {
			isa = PBXFrameworksBuildPhase;
			buildActionMask = 2147483647;
			files = (
				AB5506C71B3C5C4400E8E6B7 /* SystemConfiguration.framework in Frameworks */,
				AB5506C51B3C5C3A00E8E6B7 /* MobileCoreServices.framework in Frameworks */,
				AB5506C31B3C5C1700E8E6B7 /* libsqlite3.0.dylib in Frameworks */,
				AB5506C11B3C5C0800E8E6B7 /* CFNetwork.framework in Frameworks */,
				AB5506BF1B3C5BFB00E8E6B7 /* AudioToolbox.framework in Frameworks */,
				AB5506BD1B3C5B4800E8E6B7 /* ParseUI.framework in Frameworks */,
				AB5506B91B3C5B4800E8E6B7 /* Parse.framework in Frameworks */,
				AB5506BA1B3C5B4800E8E6B7 /* ParseCrashReporting.framework in Frameworks */,
				AB5506BB1B3C5B4800E8E6B7 /* ParseFacebookUtils.framework in Frameworks */,
				AB5506B81B3C5B4800E8E6B7 /* Bolts.framework in Frameworks */,
				AB5506BC1B3C5B4800E8E6B7 /* ParseFacebookUtilsV4.framework in Frameworks */,
			);
			runOnlyForDeploymentPostprocessing = 0;
		};
		AB5506831B3C30FF00E8E6B7 /* Frameworks */ = {
			isa = PBXFrameworksBuildPhase;
			buildActionMask = 2147483647;
			files = (
			);
			runOnlyForDeploymentPostprocessing = 0;
		};
/* End PBXFrameworksBuildPhase section */

/* Begin PBXGroup section */
		AB5506641B3C30FE00E8E6B7 = {
			isa = PBXGroup;
			children = (
				AB55066F1B3C30FF00E8E6B7 /* EmptyLegs */,
				AB5506891B3C30FF00E8E6B7 /* EmptyLegsTests */,
				AB55066E1B3C30FF00E8E6B7 /* Products */,
			);
			sourceTree = "<group>";
		};
		AB55066E1B3C30FF00E8E6B7 /* Products */ = {
			isa = PBXGroup;
			children = (
				AB55066D1B3C30FF00E8E6B7 /* EmptyLegs.app */,
				AB5506861B3C30FF00E8E6B7 /* EmptyLegsTests.xctest */,
			);
			name = Products;
			sourceTree = "<group>";
		};
		AB55066F1B3C30FF00E8E6B7 /* EmptyLegs */ = {
			isa = PBXGroup;
			children = (
				AB5506E21B3C863700E8E6B7 /* ELDataController.h */,
				AB5506E31B3C863700E8E6B7 /* ELDataController.m */,
				AB5506CB1B3C716D00E8E6B7 /* SVProgressHUD */,
				AB5506B11B3C5B4800E8E6B7 /* parse-library-1.7.5 */,
				AB5506B01B3C595000E8E6B7 /* App Images */,
				AB5506991B3C335200E8E6B7 /* Controllers */,
				AB5506741B3C30FF00E8E6B7 /* AppDelegate.h */,
				AB5506751B3C30FF00E8E6B7 /* AppDelegate.m */,
				AB55067A1B3C30FF00E8E6B7 /* Main.storyboard */,
				AB55067D1B3C30FF00E8E6B7 /* Images.xcassets */,
				AB55067F1B3C30FF00E8E6B7 /* LaunchScreen.xib */,
				AB5506701B3C30FF00E8E6B7 /* Supporting Files */,
			);
			path = EmptyLegs;
			sourceTree = "<group>";
		};
		AB5506701B3C30FF00E8E6B7 /* Supporting Files */ = {
			isa = PBXGroup;
			children = (
				AB5506C61B3C5C4400E8E6B7 /* SystemConfiguration.framework */,
				AB5506C41B3C5C3A00E8E6B7 /* MobileCoreServices.framework */,
				AB5506C21B3C5C1700E8E6B7 /* libsqlite3.0.dylib */,
				AB5506C01B3C5C0800E8E6B7 /* CFNetwork.framework */,
				AB5506BE1B3C5BFB00E8E6B7 /* AudioToolbox.framework */,
				AB55069A1B3C3F6400E8E6B7 /* SourceCodePro-Black.ttf */,
				AB55069B1B3C3F6400E8E6B7 /* SourceCodePro-Bold.ttf */,
				AB55069C1B3C3F6400E8E6B7 /* SourceCodePro-ExtraLight.ttf */,
				AB55069D1B3C3F6400E8E6B7 /* SourceCodePro-Light.ttf */,
				AB55069E1B3C3F6400E8E6B7 /* SourceCodePro-Medium.ttf */,
				AB55069F1B3C3F6400E8E6B7 /* SourceCodePro-Regular.ttf */,
				AB5506A01B3C3F6400E8E6B7 /* SourceCodePro-Semibold.ttf */,
				AB5506711B3C30FF00E8E6B7 /* Info.plist */,
				AB5506721B3C30FF00E8E6B7 /* main.m */,
				AB5506AB1B3C51AF00E8E6B7 /* PrefixHeader.pch */,
			);
			name = "Supporting Files";
			sourceTree = "<group>";
		};
		AB5506891B3C30FF00E8E6B7 /* EmptyLegsTests */ = {
			isa = PBXGroup;
			children = (
				AB55068C1B3C30FF00E8E6B7 /* EmptyLegsTests.m */,
				AB55068A1B3C30FF00E8E6B7 /* Supporting Files */,
			);
			path = EmptyLegsTests;
			sourceTree = "<group>";
		};
		AB55068A1B3C30FF00E8E6B7 /* Supporting Files */ = {
			isa = PBXGroup;
			children = (
				AB55068B1B3C30FF00E8E6B7 /* Info.plist */,
			);
			name = "Supporting Files";
			sourceTree = "<group>";
		};
		AB5506991B3C335200E8E6B7 /* Controllers */ = {
			isa = PBXGroup;
			children = (
				AB5506771B3C30FF00E8E6B7 /* ELMainViewController.h */,
				AB5506781B3C30FF00E8E6B7 /* ELMainViewController.m */,
				AB5506A81B3C4BB300E8E6B7 /* ELCargoTableViewCell.h */,
				AB5506A91B3C4BB300E8E6B7 /* ELCargoTableViewCell.m */,
				AB5506961B3C334500E8E6B7 /* ELCargoViewController.h */,
				AB5506971B3C334500E8E6B7 /* ELCargoViewController.m */,
				AB5506C81B3C5FE500E8E6B7 /* ELCreationTableViewCell.h */,
				AB5506C91B3C5FE500E8E6B7 /* ELCreationTableViewCell.m */,
			);
			name = Controllers;
			sourceTree = "<group>";
		};
		AB5506B01B3C595000E8E6B7 /* App Images */ = {
			isa = PBXGroup;
			children = (
				AB5506E11B3C823500E8E6B7 /* LoadingAnimation */,
				AB5506AC1B3C594B00E8E6B7 /* empty_leg_cross.png */,
				AB5506AD1B3C594B00E8E6B7 /* empty_leg_plus.png */,
			);
			name = "App Images";
			sourceTree = "<group>";
		};
		AB5506B11B3C5B4800E8E6B7 /* parse-library-1.7.5 */ = {
			isa = PBXGroup;
			children = (
				AB5506B21B3C5B4800E8E6B7 /* Bolts.framework */,
				AB5506B31B3C5B4800E8E6B7 /* Parse.framework */,
				AB5506B41B3C5B4800E8E6B7 /* ParseCrashReporting.framework */,
				AB5506B51B3C5B4800E8E6B7 /* ParseFacebookUtils.framework */,
				AB5506B61B3C5B4800E8E6B7 /* ParseFacebookUtilsV4.framework */,
				AB5506B71B3C5B4800E8E6B7 /* ParseUI.framework */,
			);
			path = "parse-library-1.7.5";
			sourceTree = "<group>";
		};
		AB5506CB1B3C716D00E8E6B7 /* SVProgressHUD */ = {
			isa = PBXGroup;
			children = (
				AB5506CC1B3C716D00E8E6B7 /* SVIndefiniteAnimatedView.h */,
				AB5506CD1B3C716D00E8E6B7 /* SVIndefiniteAnimatedView.m */,
				AB5506CE1B3C716D00E8E6B7 /* SVProgressHUD-Prefix.pch */,
				AB5506CF1B3C716D00E8E6B7 /* SVProgressHUD.bundle */,
				AB5506D01B3C716D00E8E6B7 /* SVProgressHUD.h */,
				AB5506D11B3C716D00E8E6B7 /* SVProgressHUD.m */,
			);
			path = SVProgressHUD;
			sourceTree = "<group>";
		};
		AB5506E11B3C823500E8E6B7 /* LoadingAnimation */ = {
			isa = PBXGroup;
			children = (
				AB5506D51B3C821900E8E6B7 /* empty_leg_logo_03a.png */,
				AB5506D61B3C821900E8E6B7 /* empty_leg_logo_03b.png */,
				AB5506D71B3C821900E8E6B7 /* empty_leg_logo_03c.png */,
				AB5506D81B3C821900E8E6B7 /* empty_leg_logo_03d.png */,
				AB5506D91B3C821900E8E6B7 /* empty_leg_logo_03e.png */,
				AB5506DA1B3C821900E8E6B7 /* empty_leg_logo_03f.png */,
			);
			name = LoadingAnimation;
			sourceTree = "<group>";
		};
/* End PBXGroup section */

/* Begin PBXNativeTarget section */
		AB55066C1B3C30FF00E8E6B7 /* EmptyLegs */ = {
			isa = PBXNativeTarget;
			buildConfigurationList = AB5506901B3C30FF00E8E6B7 /* Build configuration list for PBXNativeTarget "EmptyLegs" */;
			buildPhases = (
				AB5506691B3C30FF00E8E6B7 /* Sources */,
				AB55066A1B3C30FF00E8E6B7 /* Frameworks */,
				AB55066B1B3C30FF00E8E6B7 /* Resources */,
			);
			buildRules = (
			);
			dependencies = (
			);
			name = EmptyLegs;
			productName = EmptyLegs;
			productReference = AB55066D1B3C30FF00E8E6B7 /* EmptyLegs.app */;
			productType = "com.apple.product-type.application";
		};
		AB5506851B3C30FF00E8E6B7 /* EmptyLegsTests */ = {
			isa = PBXNativeTarget;
			buildConfigurationList = AB5506931B3C30FF00E8E6B7 /* Build configuration list for PBXNativeTarget "EmptyLegsTests" */;
			buildPhases = (
				AB5506821B3C30FF00E8E6B7 /* Sources */,
				AB5506831B3C30FF00E8E6B7 /* Frameworks */,
				AB5506841B3C30FF00E8E6B7 /* Resources */,
			);
			buildRules = (
			);
			dependencies = (
				AB5506881B3C30FF00E8E6B7 /* PBXTargetDependency */,
			);
			name = EmptyLegsTests;
			productName = EmptyLegsTests;
			productReference = AB5506861B3C30FF00E8E6B7 /* EmptyLegsTests.xctest */;
			productType = "com.apple.product-type.bundle.unit-test";
		};
/* End PBXNativeTarget section */

/* Begin PBXProject section */
		AB5506651B3C30FF00E8E6B7 /* Project object */ = {
			isa = PBXProject;
			attributes = {
				LastUpgradeCheck = 0630;
				ORGANIZATIONNAME = explovia;
				TargetAttributes = {
					AB55066C1B3C30FF00E8E6B7 = {
						CreatedOnToolsVersion = 6.3.2;
					};
					AB5506851B3C30FF00E8E6B7 = {
						CreatedOnToolsVersion = 6.3.2;
						TestTargetID = AB55066C1B3C30FF00E8E6B7;
					};
				};
			};
			buildConfigurationList = AB5506681B3C30FF00E8E6B7 /* Build configuration list for PBXProject "EmptyLegs" */;
			compatibilityVersion = "Xcode 3.2";
			developmentRegion = English;
			hasScannedForEncodings = 0;
			knownRegions = (
				en,
				Base,
			);
			mainGroup = AB5506641B3C30FE00E8E6B7;
			productRefGroup = AB55066E1B3C30FF00E8E6B7 /* Products */;
			projectDirPath = "";
			projectRoot = "";
			targets = (
				AB55066C1B3C30FF00E8E6B7 /* EmptyLegs */,
				AB5506851B3C30FF00E8E6B7 /* EmptyLegsTests */,
			);
		};
/* End PBXProject section */

/* Begin PBXResourcesBuildPhase section */
		AB55066B1B3C30FF00E8E6B7 /* Resources */ = {
			isa = PBXResourcesBuildPhase;
			buildActionMask = 2147483647;
			files = (
				AB5506A21B3C3F6400E8E6B7 /* SourceCodePro-Bold.ttf in Resources */,
				AB5506A61B3C3F6400E8E6B7 /* SourceCodePro-Regular.ttf in Resources */,
				AB5506A41B3C3F6400E8E6B7 /* SourceCodePro-Light.ttf in Resources */,
				AB55067C1B3C30FF00E8E6B7 /* Main.storyboard in Resources */,
				AB5506DD1B3C821900E8E6B7 /* empty_leg_logo_03c.png in Resources */,
				AB5506DC1B3C821900E8E6B7 /* empty_leg_logo_03b.png in Resources */,
				AB5506E01B3C821900E8E6B7 /* empty_leg_logo_03f.png in Resources */,
				AB5506811B3C30FF00E8E6B7 /* LaunchScreen.xib in Resources */,
				AB5506A71B3C3F6400E8E6B7 /* SourceCodePro-Semibold.ttf in Resources */,
				AB5506A11B3C3F6400E8E6B7 /* SourceCodePro-Black.ttf in Resources */,
				AB5506A31B3C3F6400E8E6B7 /* SourceCodePro-ExtraLight.ttf in Resources */,
				AB5506DF1B3C821900E8E6B7 /* empty_leg_logo_03e.png in Resources */,
				AB5506DE1B3C821900E8E6B7 /* empty_leg_logo_03d.png in Resources */,
				AB5506D31B3C716D00E8E6B7 /* SVProgressHUD.bundle in Resources */,
				AB55067E1B3C30FF00E8E6B7 /* Images.xcassets in Resources */,
				AB5506AE1B3C594B00E8E6B7 /* empty_leg_cross.png in Resources */,
				AB5506AF1B3C594B00E8E6B7 /* empty_leg_plus.png in Resources */,
				AB5506DB1B3C821900E8E6B7 /* empty_leg_logo_03a.png in Resources */,
				AB5506A51B3C3F6400E8E6B7 /* SourceCodePro-Medium.ttf in Resources */,
			);
			runOnlyForDeploymentPostprocessing = 0;
		};
		AB5506841B3C30FF00E8E6B7 /* Resources */ = {
			isa = PBXResourcesBuildPhase;
			buildActionMask = 2147483647;
			files = (
			);
			runOnlyForDeploymentPostprocessing = 0;
		};
/* End PBXResourcesBuildPhase section */

/* Begin PBXSourcesBuildPhase section */
		AB5506691B3C30FF00E8E6B7 /* Sources */ = {
			isa = PBXSourcesBuildPhase;
			buildActionMask = 2147483647;
			files = (
				AB5506791B3C30FF00E8E6B7 /* ELMainViewController.m in Sources */,
				AB5506D41B3C716D00E8E6B7 /* SVProgressHUD.m in Sources */,
				AB5506AA1B3C4BB300E8E6B7 /* ELCargoTableViewCell.m in Sources */,
				AB5506E41B3C863700E8E6B7 /* ELDataController.m in Sources */,
				AB5506981B3C334500E8E6B7 /* ELCargoViewController.m in Sources */,
				AB5506CA1B3C5FE500E8E6B7 /* ELCreationTableViewCell.m in Sources */,
				AB5506761B3C30FF00E8E6B7 /* AppDelegate.m in Sources */,
				AB5506D21B3C716D00E8E6B7 /* SVIndefiniteAnimatedView.m in Sources */,
				AB5506731B3C30FF00E8E6B7 /* main.m in Sources */,
			);
			runOnlyForDeploymentPostprocessing = 0;
		};
		AB5506821B3C30FF00E8E6B7 /* Sources */ = {
			isa = PBXSourcesBuildPhase;
			buildActionMask = 2147483647;
			files = (
				AB55068D1B3C30FF00E8E6B7 /* EmptyLegsTests.m in Sources */,
			);
			runOnlyForDeploymentPostprocessing = 0;
		};
/* End PBXSourcesBuildPhase section */

/* Begin PBXTargetDependency section */
		AB5506881B3C30FF00E8E6B7 /* PBXTargetDependency */ = {
			isa = PBXTargetDependency;
			target = AB55066C1B3C30FF00E8E6B7 /* EmptyLegs */;
			targetProxy = AB5506871B3C30FF00E8E6B7 /* PBXContainerItemProxy */;
		};
/* End PBXTargetDependency section */

/* Begin PBXVariantGroup section */
		AB55067A1B3C30FF00E8E6B7 /* Main.storyboard */ = {
			isa = PBXVariantGroup;
			children = (
				AB55067B1B3C30FF00E8E6B7 /* Base */,
			);
			name = Main.storyboard;
			sourceTree = "<group>";
		};
		AB55067F1B3C30FF00E8E6B7 /* LaunchScreen.xib */ = {
			isa = PBXVariantGroup;
			children = (
				AB5506801B3C30FF00E8E6B7 /* Base */,
			);
			name = LaunchScreen.xib;
			sourceTree = "<group>";
		};
/* End PBXVariantGroup section */

/* Begin XCBuildConfiguration section */
		AB55068E1B3C30FF00E8E6B7 /* Debug */ = {
			isa = XCBuildConfiguration;
			buildSettings = {
				ALWAYS_SEARCH_USER_PATHS = NO;
				CLANG_CXX_LANGUAGE_STANDARD = "gnu++0x";
				CLANG_CXX_LIBRARY = "libc++";
				CLANG_ENABLE_MODULES = YES;
				CLANG_ENABLE_OBJC_ARC = YES;
				CLANG_WARN_BOOL_CONVERSION = YES;
				CLANG_WARN_CONSTANT_CONVERSION = YES;
				CLANG_WARN_DIRECT_OBJC_ISA_USAGE = YES_ERROR;
				CLANG_WARN_EMPTY_BODY = YES;
				CLANG_WARN_ENUM_CONVERSION = YES;
				CLANG_WARN_INT_CONVERSION = YES;
				CLANG_WARN_OBJC_ROOT_CLASS = YES_ERROR;
				CLANG_WARN_UNREACHABLE_CODE = YES;
				CLANG_WARN__DUPLICATE_METHOD_MATCH = YES;
				"CODE_SIGN_IDENTITY[sdk=iphoneos*]" = "iPhone Developer";
				COPY_PHASE_STRIP = NO;
				DEBUG_INFORMATION_FORMAT = "dwarf-with-dsym";
				ENABLE_STRICT_OBJC_MSGSEND = YES;
				GCC_C_LANGUAGE_STANDARD = gnu99;
				GCC_DYNAMIC_NO_PIC = NO;
				GCC_NO_COMMON_BLOCKS = YES;
				GCC_OPTIMIZATION_LEVEL = 0;
				GCC_PREPROCESSOR_DEFINITIONS = (
					"DEBUG=1",
					"$(inherited)",
				);
				GCC_SYMBOLS_PRIVATE_EXTERN = NO;
				GCC_WARN_64_TO_32_BIT_CONVERSION = YES;
				GCC_WARN_ABOUT_RETURN_TYPE = YES_ERROR;
				GCC_WARN_UNDECLARED_SELECTOR = YES;
				GCC_WARN_UNINITIALIZED_AUTOS = YES_AGGRESSIVE;
				GCC_WARN_UNUSED_FUNCTION = YES;
				GCC_WARN_UNUSED_VARIABLE = YES;
				IPHONEOS_DEPLOYMENT_TARGET = 8.3;
				MTL_ENABLE_DEBUG_INFO = YES;
				ONLY_ACTIVE_ARCH = YES;
				SDKROOT = iphoneos;
			};
			name = Debug;
		};
		AB55068F1B3C30FF00E8E6B7 /* Release */ = {
			isa = XCBuildConfiguration;
			buildSettings = {
				ALWAYS_SEARCH_USER_PATHS = NO;
				CLANG_CXX_LANGUAGE_STANDARD = "gnu++0x";
				CLANG_CXX_LIBRARY = "libc++";
				CLANG_ENABLE_MODULES = YES;
				CLANG_ENABLE_OBJC_ARC = YES;
				CLANG_WARN_BOOL_CONVERSION = YES;
				CLANG_WARN_CONSTANT_CONVERSION = YES;
				CLANG_WARN_DIRECT_OBJC_ISA_USAGE = YES_ERROR;
				CLANG_WARN_EMPTY_BODY = YES;
				CLANG_WARN_ENUM_CONVERSION = YES;
				CLANG_WARN_INT_CONVERSION = YES;
				CLANG_WARN_OBJC_ROOT_CLASS = YES_ERROR;
				CLANG_WARN_UNREACHABLE_CODE = YES;
				CLANG_WARN__DUPLICATE_METHOD_MATCH = YES;
				"CODE_SIGN_IDENTITY[sdk=iphoneos*]" = "iPhone Developer";
				COPY_PHASE_STRIP = NO;
				DEBUG_INFORMATION_FORMAT = "dwarf-with-dsym";
				ENABLE_NS_ASSERTIONS = NO;
				ENABLE_STRICT_OBJC_MSGSEND = YES;
				GCC_C_LANGUAGE_STANDARD = gnu99;
				GCC_NO_COMMON_BLOCKS = YES;
				GCC_WARN_64_TO_32_BIT_CONVERSION = YES;
				GCC_WARN_ABOUT_RETURN_TYPE = YES_ERROR;
				GCC_WARN_UNDECLARED_SELECTOR = YES;
				GCC_WARN_UNINITIALIZED_AUTOS = YES_AGGRESSIVE;
				GCC_WARN_UNUSED_FUNCTION = YES;
				GCC_WARN_UNUSED_VARIABLE = YES;
				IPHONEOS_DEPLOYMENT_TARGET = 8.3;
				MTL_ENABLE_DEBUG_INFO = NO;
				SDKROOT = iphoneos;
				VALIDATE_PRODUCT = YES;
			};
			name = Release;
		};
		AB5506911B3C30FF00E8E6B7 /* Debug */ = {
			isa = XCBuildConfiguration;
			buildSettings = {
				ASSETCATALOG_COMPILER_APPICON_NAME = AppIcon;
				FRAMEWORK_SEARCH_PATHS = (
					"$(inherited)",
					"$(PROJECT_DIR)/EmptyLegs/parse-library-1.7.5",
				);
				GCC_PRECOMPILE_PREFIX_HEADER = YES;
				GCC_PREFIX_HEADER = EmptyLegs/PrefixHeader.pch;
				INFOPLIST_FILE = EmptyLegs/Info.plist;
				LD_RUNPATH_SEARCH_PATHS = "$(inherited) @executable_path/Frameworks";
				PRODUCT_NAME = "$(TARGET_NAME)";
			};
			name = Debug;
		};
		AB5506921B3C30FF00E8E6B7 /* Release */ = {
			isa = XCBuildConfiguration;
			buildSettings = {
				ASSETCATALOG_COMPILER_APPICON_NAME = AppIcon;
				FRAMEWORK_SEARCH_PATHS = (
					"$(inherited)",
					"$(PROJECT_DIR)/EmptyLegs/parse-library-1.7.5",
				);
				GCC_PRECOMPILE_PREFIX_HEADER = YES;
				GCC_PREFIX_HEADER = EmptyLegs/PrefixHeader.pch;
				INFOPLIST_FILE = EmptyLegs/Info.plist;
				LD_RUNPATH_SEARCH_PATHS = "$(inherited) @executable_path/Frameworks";
				PRODUCT_NAME = "$(TARGET_NAME)";
			};
			name = Release;
		};
		AB5506941B3C30FF00E8E6B7 /* Debug */ = {
			isa = XCBuildConfiguration;
			buildSettings = {
				BUNDLE_LOADER = "$(TEST_HOST)";
				FRAMEWORK_SEARCH_PATHS = (
					"$(SDKROOT)/Developer/Library/Frameworks",
					"$(inherited)",
				);
				GCC_PREPROCESSOR_DEFINITIONS = (
					"DEBUG=1",
					"$(inherited)",
				);
				INFOPLIST_FILE = EmptyLegsTests/Info.plist;
				LD_RUNPATH_SEARCH_PATHS = "$(inherited) @executable_path/Frameworks @loader_path/Frameworks";
				PRODUCT_NAME = "$(TARGET_NAME)";
				TEST_HOST = "$(BUILT_PRODUCTS_DIR)/EmptyLegs.app/EmptyLegs";
			};
			name = Debug;
		};
		AB5506951B3C30FF00E8E6B7 /* Release */ = {
			isa = XCBuildConfiguration;
			buildSettings = {
				BUNDLE_LOADER = "$(TEST_HOST)";
				FRAMEWORK_SEARCH_PATHS = (
					"$(SDKROOT)/Developer/Library/Frameworks",
					"$(inherited)",
				);
				INFOPLIST_FILE = EmptyLegsTests/Info.plist;
				LD_RUNPATH_SEARCH_PATHS = "$(inherited) @executable_path/Frameworks @loader_path/Frameworks";
				PRODUCT_NAME = "$(TARGET_NAME)";
				TEST_HOST = "$(BUILT_PRODUCTS_DIR)/EmptyLegs.app/EmptyLegs";
			};
			name = Release;
		};
/* End XCBuildConfiguration section */

/* Begin XCConfigurationList section */
		AB5506681B3C30FF00E8E6B7 /* Build configuration list for PBXProject "EmptyLegs" */ = {
			isa = XCConfigurationList;
			buildConfigurations = (
				AB55068E1B3C30FF00E8E6B7 /* Debug */,
				AB55068F1B3C30FF00E8E6B7 /* Release */,
			);
			defaultConfigurationIsVisible = 0;
			defaultConfigurationName = Release;
		};
		AB5506901B3C30FF00E8E6B7 /* Build configuration list for PBXNativeTarget "EmptyLegs" */ = {
			isa = XCConfigurationList;
			buildConfigurations = (
				AB5506911B3C30FF00E8E6B7 /* Debug */,
				AB5506921B3C30FF00E8E6B7 /* Release */,
			);
			defaultConfigurationIsVisible = 0;
			defaultConfigurationName = Release;
		};
		AB5506931B3C30FF00E8E6B7 /* Build configuration list for PBXNativeTarget "EmptyLegsTests" */ = {
			isa = XCConfigurationList;
			buildConfigurations = (
				AB5506941B3C30FF00E8E6B7 /* Debug */,
				AB5506951B3C30FF00E8E6B7 /* Release */,
			);
			defaultConfigurationIsVisible = 0;
			defaultConfigurationName = Release;
		};
/* End XCConfigurationList section */
	};
	rootObject = AB5506651B3C30FF00E8E6B7 /* Project object */;
}
